{
  "name": "webgl-tools",
  "version": "1.0.0",
  "lockfileVersion": 2,
  "requires": true,
  "packages": {
    "": {
      "name": "webgl-tools",
      "version": "1.0.0",
      "license": "ISC",
      "dependencies": {
        "color-scheme": "^1.0.1",
        "color-sorter": "^5.0.3"
      }
    },
    "node_modules/color-scheme": {
      "version": "1.0.1",
      "resolved": "https://registry.npmjs.org/color-scheme/-/color-scheme-1.0.1.tgz",
      "integrity": "sha512-4x+ya6+z6g9DaTFSfVzTZc8TSjxHuDT40NB43N3XPUkQlF6uujhwH8aeMeq8HBgoQQog/vrYgJ16mt/eVTRXwQ=="
    },
    "node_modules/color-sorter": {
      "version": "5.0.3",
      "resolved": "https://registry.npmjs.org/color-sorter/-/color-sorter-5.0.3.tgz",
      "integrity": "sha512-ckFR4uRZnuhtW2dg+J1VQM6qVO4lxASK5pYMk7IXuGNBtBUuvScMY/8NNfq3zJ/zsiNTccX6fANlf/fjqO/3JA==",
      "dependencies": {
        "colord": "^2.9.2"
      },
      "engines": {
        "node": ">=10"
      }
    },
    "node_modules/colord": {
      "version": "2.9.2",
      "resolved": "https://registry.npmjs.org/colord/-/colord-2.9.2.tgz",
      "integrity": "sha512-Uqbg+J445nc1TKn4FoDPS6ZZqAvEDnwrH42yo8B40JSOgSLxMZ/gt3h4nmCtPLQeXhjJJkqBx7SCY35WnIixaQ=="
    }
  },
  "dependencies": {
    "color-scheme": {
      "version": "1.0.1",
      "resolved": "https://registry.npmjs.org/color-scheme/-/color-scheme-1.0.1.tgz",
      "integrity": "sha512-4x+ya6+z6g9DaTFSfVzTZc8TSjxHuDT40NB43N3XPUkQlF6uujhwH8aeMeq8HBgoQQog/vrYgJ16mt/eVTRXwQ=="
    },
    "color-sorter": {
      "version": "5.0.3",
      "resolved": "https://registry.npmjs.org/color-sorter/-/color-sorter-5.0.3.tgz",
      "integrity": "sha512-ckFR4uRZnuhtW2dg+J1VQM6qVO4lxASK5pYMk7IXuGNBtBUuvScMY/8NNfq3zJ/zsiNTccX6fANlf/fjqO/3JA==",
      "requires": {
        "colord": "^2.9.2"
      }
    },
    "colord": {
      "version": "2.9.2",
      "resolved": "https://registry.npmjs.org/colord/-/colord-2.9.2.tgz",
      "integrity": "sha512-Uqbg+J445nc1TKn4FoDPS6ZZqAvEDnwrH42yo8B40JSOgSLxMZ/gt3h4nmCtPLQeXhjJJkqBx7SCY35WnIixaQ=="
    }
  }
}
